NeoBundleLock caw.vim 20b15cfe78ac5cde0e17b495e9256fe1b4577987
NeoBundleLock clever-f.vim 25ee86acef85877094fa0dfc9584d53da0e268b6
NeoBundleLock matchit.zip ced6c409c9beeb0b4142d21906606bd194411d1d
NeoBundleLock molokai db8ce13b3737d3ddea8368498183d7c204a762eb
NeoBundleLock neobundle.vim f5ace1d749382ab5e5a22670d57c61303a927b72
NeoBundleLock neocomplete.vim 1ef1c33cfdcae43d8b3c6381c4f54f0e93a17287
NeoBundleLock neomru.vim 24f9185ca019f3b8f4896929c6bf5148f982f344
NeoBundleLock neosnippet 044c9cb8ca46a5e27eec37198990c26fe707b02a
NeoBundleLock neosnippet-snippets aa64d30cde0b011b23616dbe29ccf60304039ab2
NeoBundleLock nerdtree 3b98a7fcae8f9fff356907171f0406ff8cd28921
NeoBundleLock switch.vim b167533b0fac6ccac35fb862638cbe7d87c3f1c5
NeoBundleLock unite.vim fa585c2516f799bf5fd2716c32f99ca8be1a890d
NeoBundleLock vim-autoclose a9a3b7384657bc1f60a963fd6c08c63fc48d61c3
NeoBundleLock vim-easy-align c62d124be614de65922b15d468c4049d1eee9353
NeoBundleLock vim-easymotion 8acdfc60e58bb0600ded42a4f752bec6e3b6d882
NeoBundleLock vim-endwise bba43b831ae0485cf9b86d16340a6a314b927391
NeoBundleLock vim-over 9ef228655f4dab2d83c0b9af10d59c5b1a7aad7d
NeoBundleLock vim-quickrun dbd74401b4f8450bd1717d2fd37b8199aefbec80
NeoBundleLock vim-submode 8186099d2acc3a9a4cf09878c57308a30008c536
NeoBundleLock vim-surround 772ab9587b7d1e2c3bae75395c9123803059ba8a
NeoBundleLock vimfiler 57078e1dc9dd2ee50b8a711fc462f64a3e05e161
NeoBundleLock vimproc 0f68bcd93399ecbcde3eaa4efd09107314c9bdee
NeoBundleLock vimproc.vim 0f68bcd93399ecbcde3eaa4efd09107314c9bdee
NeoBundleLock yankround.vim c4974110a5ad249450fbc3b78b9f52681f868e91
